
Microsoft Visual Studio Solution File, Format Version 12.00
# Visual Studio Version 16
VisualStudioVersion = 16.0.30621.155
MinimumVisualStudioVersion = 10.0.40219.1
Project("{FAE04EC0-301F-11D3-BF4B-00C04F79EFBC}") = "Snake", "Snake\Snake.csproj", "{CE632E93-39C3-491F-B4AF-E05EAEA62279}"
EndProject
Global
	GlobalSection(SolutionConfigurationPlatforms) = preSolution
		Debug|Any CPU = Debug|Any CPU
		Release|Any CPU = Release|Any CPU
	EndGlobalSection
	GlobalSection(ProjectConfigurationPlatforms) = postSolution
		{CE632E93-39C3-491F-B4AF-E05EAEA62279}.Debug|Any CPU.ActiveCfg = Debug|Any CPU
		{CE632E93-39C3-491F-B4AF-E05EAEA62279}.Debug|Any CPU.Build.0 = Debug|Any CPU
		{CE632E93-39C3-491F-B4AF-E05EAEA62279}.Release|Any CPU.ActiveCfg = Release|Any CPU
		{CE632E93-39C3-491F-B4AF-E05EAEA62279}.Release|Any CPU.Build.0 = Release|Any CPU
	EndGlobalSection
	GlobalSection(SolutionProperties) = preSolution
		HideSolutionNode = FALSE
	EndGlobalSection
	GlobalSection(ExtensibilityGlobals) = postSolution
		SolutionGuid = {DEBBC364-6F27-4186-B946-390763C4E74B}
	EndGlobalSection
EndGlobal
